// !$*UTF8*$!
{
	archiveVersion = 1;
	classes = {
	};
	objectVersion = 46;
	objects = {

/* Begin PBXBuildFile section */
		01062F621BFA6639005E7C46 /* AppDelegate.swift in Sources */ = {isa = PBXBuildFile; fileRef = 01062F611BFA6639005E7C46 /* AppDelegate.swift */; };
		01062F6A1BFA6639005E7C46 /* Kino.xcdatamodeld in Sources */ = {isa = PBXBuildFile; fileRef = 01062F681BFA6639005E7C46 /* Kino.xcdatamodeld */; };
		01062F6C1BFA6639005E7C46 /* Assets.xcassets in Resources */ = {isa = PBXBuildFile; fileRef = 01062F6B1BFA6639005E7C46 /* Assets.xcassets */; };
		01062F6F1BFA6639005E7C46 /* LaunchScreen.storyboard in Resources */ = {isa = PBXBuildFile; fileRef = 01062F6D1BFA6639005E7C46 /* LaunchScreen.storyboard */; };
		01062F791BFA66CE005E7C46 /* CoreDataStack.swift in Sources */ = {isa = PBXBuildFile; fileRef = 01062F781BFA66CD005E7C46 /* CoreDataStack.swift */; };
		01062F7D1BFA684C005E7C46 /* GeneralFunctions.swift in Sources */ = {isa = PBXBuildFile; fileRef = 01062F7C1BFA684C005E7C46 /* GeneralFunctions.swift */; };
		01062F841BFA6D00005E7C46 /* MainRouter.swift in Sources */ = {isa = PBXBuildFile; fileRef = 01062F831BFA6D00005E7C46 /* MainRouter.swift */; };
		01062F891BFA708B005E7C46 /* BillboardRouter.swift in Sources */ = {isa = PBXBuildFile; fileRef = 01062F881BFA708B005E7C46 /* BillboardRouter.swift */; };
		01062F911BFA7227005E7C46 /* BillboardPresenter.swift in Sources */ = {isa = PBXBuildFile; fileRef = 01062F901BFA7227005E7C46 /* BillboardPresenter.swift */; };
		01062F961BFA72CB005E7C46 /* BillboardViewController.swift in Sources */ = {isa = PBXBuildFile; fileRef = 01062F941BFA72CB005E7C46 /* BillboardViewController.swift */; };
		01062F971BFA72CB005E7C46 /* BillboardViewController.xib in Resources */ = {isa = PBXBuildFile; fileRef = 01062F951BFA72CB005E7C46 /* BillboardViewController.xib */; };
		01062F9B1BFA7B05005E7C46 /* RoutersDependenciesResolver.swift in Sources */ = {isa = PBXBuildFile; fileRef = 01062F9A1BFA7B05005E7C46 /* RoutersDependenciesResolver.swift */; };
		01062F9D1BFA7B9B005E7C46 /* PresentersDependenciesResolver.swift in Sources */ = {isa = PBXBuildFile; fileRef = 01062F9C1BFA7B9B005E7C46 /* PresentersDependenciesResolver.swift */; };
		01062F9F1BFA7BB1005E7C46 /* ViewControllersDependenciesResolver.swift in Sources */ = {isa = PBXBuildFile; fileRef = 01062F9E1BFA7BB1005E7C46 /* ViewControllersDependenciesResolver.swift */; };
		0113749F1BFBBE9200464FE9 /* RoutedNavigationController.swift in Sources */ = {isa = PBXBuildFile; fileRef = 0113749E1BFBBE9200464FE9 /* RoutedNavigationController.swift */; };
		011374A21BFBBF2C00464FE9 /* BaseRouter.swift in Sources */ = {isa = PBXBuildFile; fileRef = 011374A11BFBBF2C00464FE9 /* BaseRouter.swift */; };
		011374A81BFBE39200464FE9 /* BasePresenter.swift in Sources */ = {isa = PBXBuildFile; fileRef = 011374A71BFBE39200464FE9 /* BasePresenter.swift */; };
		015F89BE1BFF7B62009F7D07 /* BaseViewController.swift in Sources */ = {isa = PBXBuildFile; fileRef = 015F89BD1BFF7B62009F7D07 /* BaseViewController.swift */; };
		019F11A41BFF883600809FE4 /* HTTPClient.swift in Sources */ = {isa = PBXBuildFile; fileRef = 019F11A31BFF883600809FE4 /* HTTPClient.swift */; };
		019F11A71BFF886200809FE4 /* KinoHTTPClient.swift in Sources */ = {isa = PBXBuildFile; fileRef = 019F11A61BFF886200809FE4 /* KinoHTTPClient.swift */; };
		019F11AB1BFF896A00809FE4 /* Response.swift in Sources */ = {isa = PBXBuildFile; fileRef = 019F11AA1BFF896A00809FE4 /* Response.swift */; };
		019F11AE1BFF8A1D00809FE4 /* KinoResponse.swift in Sources */ = {isa = PBXBuildFile; fileRef = 019F11AD1BFF8A1D00809FE4 /* KinoResponse.swift */; };
		019F11B31BFF926F00809FE4 /* Parseable.swift in Sources */ = {isa = PBXBuildFile; fileRef = 019F11B21BFF926F00809FE4 /* Parseable.swift */; };
		019F11B51BFF9F7900809FE4 /* Film.swift in Sources */ = {isa = PBXBuildFile; fileRef = 019F11B41BFF9F7900809FE4 /* Film.swift */; };
		019F11BA1BFFA75700809FE4 /* BaseProvider.swift in Sources */ = {isa = PBXBuildFile; fileRef = 019F11B91BFFA75700809FE4 /* BaseProvider.swift */; };
		01B856D61C03AAB800504CF0 /* Config.swift in Sources */ = {isa = PBXBuildFile; fileRef = 01B856D51C03AAB800504CF0 /* Config.swift */; };
		01B856D81C03AFEB00504CF0 /* Config.plist in Resources */ = {isa = PBXBuildFile; fileRef = 01B856D71C03AFEB00504CF0 /* Config.plist */; };
		01B856DA1C03B2BA00504CF0 /* FilmsProvider.swift in Sources */ = {isa = PBXBuildFile; fileRef = 01B856D91C03B2BA00504CF0 /* FilmsProvider.swift */; };
/* End PBXBuildFile section */

/* Begin PBXFileReference section */
		01062F5E1BFA6639005E7C46 /* Kino.app */ = {isa = PBXFileReference; explicitFileType = wrapper.application; includeInIndex = 0; path = Kino.app; sourceTree = BUILT_PRODUCTS_DIR; };
		01062F611BFA6639005E7C46 /* AppDelegate.swift */ = {isa = PBXFileReference; lastKnownFileType = sourcecode.swift; path = AppDelegate.swift; sourceTree = "<group>"; };
		01062F691BFA6639005E7C46 /* Kino.xcdatamodel */ = {isa = PBXFileReference; lastKnownFileType = wrapper.xcdatamodel; path = Kino.xcdatamodel; sourceTree = "<group>"; };
		01062F6B1BFA6639005E7C46 /* Assets.xcassets */ = {isa = PBXFileReference; lastKnownFileType = folder.assetcatalog; path = Assets.xcassets; sourceTree = "<group>"; };
		01062F6E1BFA6639005E7C46 /* Base */ = {isa = PBXFileReference; lastKnownFileType = file.storyboard; name = Base; path = Base.lproj/LaunchScreen.storyboard; sourceTree = "<group>"; };
		01062F701BFA6639005E7C46 /* Info.plist */ = {isa = PBXFileReference; lastKnownFileType = text.plist.xml; path = Info.plist; sourceTree = "<group>"; };
		01062F781BFA66CD005E7C46 /* CoreDataStack.swift */ = {isa = PBXFileReference; fileEncoding = 4; lastKnownFileType = sourcecode.swift; path = CoreDataStack.swift; sourceTree = "<group>"; };
		01062F7C1BFA684C005E7C46 /* GeneralFunctions.swift */ = {isa = PBXFileReference; fileEncoding = 4; lastKnownFileType = sourcecode.swift; path = GeneralFunctions.swift; sourceTree = "<group>"; };
		01062F831BFA6D00005E7C46 /* MainRouter.swift */ = {isa = PBXFileReference; fileEncoding = 4; lastKnownFileType = sourcecode.swift; path = MainRouter.swift; sourceTree = "<group>"; };
		01062F881BFA708B005E7C46 /* BillboardRouter.swift */ = {isa = PBXFileReference; fileEncoding = 4; lastKnownFileType = sourcecode.swift; path = BillboardRouter.swift; sourceTree = "<group>"; };
		01062F8C1BFA7116005E7C46 /* TestingThings.playground */ = {isa = PBXFileReference; lastKnownFileType = file.playground; path = TestingThings.playground; sourceTree = "<group>"; };
		01062F901BFA7227005E7C46 /* BillboardPresenter.swift */ = {isa = PBXFileReference; fileEncoding = 4; lastKnownFileType = sourcecode.swift; path = BillboardPresenter.swift; sourceTree = "<group>"; };
		01062F941BFA72CB005E7C46 /* BillboardViewController.swift */ = {isa = PBXFileReference; fileEncoding = 4; lastKnownFileType = sourcecode.swift; path = BillboardViewController.swift; sourceTree = "<group>"; };
		01062F951BFA72CB005E7C46 /* BillboardViewController.xib */ = {isa = PBXFileReference; fileEncoding = 4; lastKnownFileType = file.xib; path = BillboardViewController.xib; sourceTree = "<group>"; };
		01062F9A1BFA7B05005E7C46 /* RoutersDependenciesResolver.swift */ = {isa = PBXFileReference; fileEncoding = 4; lastKnownFileType = sourcecode.swift; path = RoutersDependenciesResolver.swift; sourceTree = "<group>"; };
		01062F9C1BFA7B9B005E7C46 /* PresentersDependenciesResolver.swift */ = {isa = PBXFileReference; fileEncoding = 4; lastKnownFileType = sourcecode.swift; path = PresentersDependenciesResolver.swift; sourceTree = "<group>"; };
		01062F9E1BFA7BB1005E7C46 /* ViewControllersDependenciesResolver.swift */ = {isa = PBXFileReference; fileEncoding = 4; lastKnownFileType = sourcecode.swift; path = ViewControllersDependenciesResolver.swift; sourceTree = "<group>"; };
		0113749E1BFBBE9200464FE9 /* RoutedNavigationController.swift */ = {isa = PBXFileReference; fileEncoding = 4; lastKnownFileType = sourcecode.swift; path = RoutedNavigationController.swift; sourceTree = "<group>"; };
		011374A11BFBBF2C00464FE9 /* BaseRouter.swift */ = {isa = PBXFileReference; fileEncoding = 4; lastKnownFileType = sourcecode.swift; path = BaseRouter.swift; sourceTree = "<group>"; };
		011374A71BFBE39200464FE9 /* BasePresenter.swift */ = {isa = PBXFileReference; fileEncoding = 4; lastKnownFileType = sourcecode.swift; path = BasePresenter.swift; sourceTree = "<group>"; };
		015F89BD1BFF7B62009F7D07 /* BaseViewController.swift */ = {isa = PBXFileReference; fileEncoding = 4; lastKnownFileType = sourcecode.swift; path = BaseViewController.swift; sourceTree = "<group>"; };
		019F11A31BFF883600809FE4 /* HTTPClient.swift */ = {isa = PBXFileReference; fileEncoding = 4; lastKnownFileType = sourcecode.swift; path = HTTPClient.swift; sourceTree = "<group>"; };
		019F11A61BFF886200809FE4 /* KinoHTTPClient.swift */ = {isa = PBXFileReference; fileEncoding = 4; lastKnownFileType = sourcecode.swift; path = KinoHTTPClient.swift; sourceTree = "<group>"; };
		019F11AA1BFF896A00809FE4 /* Response.swift */ = {isa = PBXFileReference; fileEncoding = 4; lastKnownFileType = sourcecode.swift; path = Response.swift; sourceTree = "<group>"; };
		019F11AD1BFF8A1D00809FE4 /* KinoResponse.swift */ = {isa = PBXFileReference; fileEncoding = 4; lastKnownFileType = sourcecode.swift; path = KinoResponse.swift; sourceTree = "<group>"; };
		019F11B21BFF926F00809FE4 /* Parseable.swift */ = {isa = PBXFileReference; fileEncoding = 4; lastKnownFileType = sourcecode.swift; path = Parseable.swift; sourceTree = "<group>"; };
		019F11B41BFF9F7900809FE4 /* Film.swift */ = {isa = PBXFileReference; fileEncoding = 4; lastKnownFileType = sourcecode.swift; path = Film.swift; sourceTree = "<group>"; };
		019F11B91BFFA75700809FE4 /* BaseProvider.swift */ = {isa = PBXFileReference; fileEncoding = 4; lastKnownFileType = sourcecode.swift; path = BaseProvider.swift; sourceTree = "<group>"; };
		01B856D51C03AAB800504CF0 /* Config.swift */ = {isa = PBXFileReference; fileEncoding = 4; lastKnownFileType = sourcecode.swift; path = Config.swift; sourceTree = "<group>"; };
		01B856D71C03AFEB00504CF0 /* Config.plist */ = {isa = PBXFileReference; fileEncoding = 4; lastKnownFileType = text.plist.xml; path = Config.plist; sourceTree = "<group>"; };
		01B856D91C03B2BA00504CF0 /* FilmsProvider.swift */ = {isa = PBXFileReference; fileEncoding = 4; lastKnownFileType = sourcecode.swift; path = FilmsProvider.swift; sourceTree = "<group>"; };
/* End PBXFileReference section */

/* Begin PBXFrameworksBuildPhase section */
		01062F5B1BFA6639005E7C46 /* Frameworks */ = {
			isa = PBXFrameworksBuildPhase;
			buildActionMask = 2147483647;
			files = (
			);
			runOnlyForDeploymentPostprocessing = 0;
		};
/* End PBXFrameworksBuildPhase section */

/* Begin PBXGroup section */
		01062F551BFA6639005E7C46 = {
			isa = PBXGroup;
			children = (
				01062F8B1BFA7109005E7C46 /* Testing */,
				01062F601BFA6639005E7C46 /* Kino */,
				01062F5F1BFA6639005E7C46 /* Products */,
			);
			sourceTree = "<group>";
		};
		01062F5F1BFA6639005E7C46 /* Products */ = {
			isa = PBXGroup;
			children = (
				01062F5E1BFA6639005E7C46 /* Kino.app */,
			);
			name = Products;
			sourceTree = "<group>";
		};
		01062F601BFA6639005E7C46 /* Kino */ = {
			isa = PBXGroup;
			children = (
				01062F981BFA79D6005E7C46 /* AppDelegate */,
				01062F7B1BFA6841005E7C46 /* Master */,
				01062F801BFA68F9005E7C46 /* NET */,
				019F11AF1BFF925400809FE4 /* Domain */,
				01062F991BFA7A50005E7C46 /* DependenciesResolver */,
				01062F7F1BFA68ED005E7C46 /* Modules */,
				01062F761BFA668E005E7C46 /* Persistence */,
				01062F771BFA669C005E7C46 /* Resources */,
			);
			path = Kino;
			sourceTree = "<group>";
		};
		01062F761BFA668E005E7C46 /* Persistence */ = {
			isa = PBXGroup;
			children = (
				01062F781BFA66CD005E7C46 /* CoreDataStack.swift */,
				01062F681BFA6639005E7C46 /* Kino.xcdatamodeld */,
			);
			name = Persistence;
			sourceTree = "<group>";
		};
		01062F771BFA669C005E7C46 /* Resources */ = {
			isa = PBXGroup;
			children = (
				01062F701BFA6639005E7C46 /* Info.plist */,
				01B856D71C03AFEB00504CF0 /* Config.plist */,
				01062F6D1BFA6639005E7C46 /* LaunchScreen.storyboard */,
				01062F6B1BFA6639005E7C46 /* Assets.xcassets */,
			);
			name = Resources;
			sourceTree = "<group>";
		};
		01062F7B1BFA6841005E7C46 /* Master */ = {
			isa = PBXGroup;
			children = (
				01062F7C1BFA684C005E7C46 /* GeneralFunctions.swift */,
				01B856D51C03AAB800504CF0 /* Config.swift */,
			);
			name = Master;
			sourceTree = "<group>";
		};
		01062F7F1BFA68ED005E7C46 /* Modules */ = {
			isa = PBXGroup;
			children = (
				0113749D1BFBBE6700464FE9 /* Base */,
				01062F811BFA6CF4005E7C46 /* Main */,
				01062F861BFA7070005E7C46 /* Billboard */,
			);
			name = Modules;
			sourceTree = "<group>";
		};
		01062F801BFA68F9005E7C46 /* NET */ = {
			isa = PBXGroup;
			children = (
				019F11A31BFF883600809FE4 /* HTTPClient.swift */,
				019F11A51BFF884500809FE4 /* KinoHTTPClient */,
				019F11A81BFF890700809FE4 /* NetTypes */,
				019F11B81BFFA73C00809FE4 /* Providers */,
			);
			name = NET;
			sourceTree = "<group>";
		};
		01062F811BFA6CF4005E7C46 /* Main */ = {
			isa = PBXGroup;
			children = (
				01062F821BFA6CF7005E7C46 /* Routers */,
			);
			name = Main;
			sourceTree = "<group>";
		};
		01062F821BFA6CF7005E7C46 /* Routers */ = {
			isa = PBXGroup;
			children = (
				01062F831BFA6D00005E7C46 /* MainRouter.swift */,
			);
			name = Routers;
			sourceTree = "<group>";
		};
		01062F861BFA7070005E7C46 /* Billboard */ = {
			isa = PBXGroup;
			children = (
				01062F871BFA707D005E7C46 /* Routers */,
				01062F8D1BFA71ED005E7C46 /* Presenters */,
				01062F8E1BFA71F3005E7C46 /* ViewControllers */,
				01062F8F1BFA71F6005E7C46 /* Views */,
			);
			name = Billboard;
			sourceTree = "<group>";
		};
		01062F871BFA707D005E7C46 /* Routers */ = {
			isa = PBXGroup;
			children = (
				01062F881BFA708B005E7C46 /* BillboardRouter.swift */,
			);
			name = Routers;
			sourceTree = "<group>";
		};
		01062F8B1BFA7109005E7C46 /* Testing */ = {
			isa = PBXGroup;
			children = (
				01062F8C1BFA7116005E7C46 /* TestingThings.playground */,
			);
			name = Testing;
			sourceTree = "<group>";
		};
		01062F8D1BFA71ED005E7C46 /* Presenters */ = {
			isa = PBXGroup;
			children = (
				01062F901BFA7227005E7C46 /* BillboardPresenter.swift */,
			);
			name = Presenters;
			sourceTree = "<group>";
		};
		01062F8E1BFA71F3005E7C46 /* ViewControllers */ = {
			isa = PBXGroup;
			children = (
				01062F941BFA72CB005E7C46 /* BillboardViewController.swift */,
			);
			name = ViewControllers;
			sourceTree = "<group>";
		};
		01062F8F1BFA71F6005E7C46 /* Views */ = {
			isa = PBXGroup;
			children = (
				01062F951BFA72CB005E7C46 /* BillboardViewController.xib */,
			);
			name = Views;
			sourceTree = "<group>";
		};
		01062F981BFA79D6005E7C46 /* AppDelegate */ = {
			isa = PBXGroup;
			children = (
				01062F611BFA6639005E7C46 /* AppDelegate.swift */,
			);
			name = AppDelegate;
			sourceTree = "<group>";
		};
		01062F991BFA7A50005E7C46 /* DependenciesResolver */ = {
			isa = PBXGroup;
			children = (
				01062F9A1BFA7B05005E7C46 /* RoutersDependenciesResolver.swift */,
				01062F9C1BFA7B9B005E7C46 /* PresentersDependenciesResolver.swift */,
				01062F9E1BFA7BB1005E7C46 /* ViewControllersDependenciesResolver.swift */,
			);
			name = DependenciesResolver;
			sourceTree = "<group>";
		};
		0113749D1BFBBE6700464FE9 /* Base */ = {
			isa = PBXGroup;
			children = (
				0113749E1BFBBE9200464FE9 /* RoutedNavigationController.swift */,
				011374A11BFBBF2C00464FE9 /* BaseRouter.swift */,
				011374A71BFBE39200464FE9 /* BasePresenter.swift */,
				015F89BD1BFF7B62009F7D07 /* BaseViewController.swift */,
			);
			name = Base;
			sourceTree = "<group>";
		};
		019F11A51BFF884500809FE4 /* KinoHTTPClient */ = {
			isa = PBXGroup;
			children = (
				019F11A61BFF886200809FE4 /* KinoHTTPClient.swift */,
			);
			name = KinoHTTPClient;
			sourceTree = "<group>";
		};
		019F11A81BFF890700809FE4 /* NetTypes */ = {
			isa = PBXGroup;
			children = (
				019F11A91BFF895C00809FE4 /* Responses */,
			);
			name = NetTypes;
			sourceTree = "<group>";
		};
		019F11A91BFF895C00809FE4 /* Responses */ = {
			isa = PBXGroup;
			children = (
				019F11AA1BFF896A00809FE4 /* Response.swift */,
				019F11AD1BFF8A1D00809FE4 /* KinoResponse.swift */,
			);
			name = Responses;
			sourceTree = "<group>";
		};
		019F11AF1BFF925400809FE4 /* Domain */ = {
			isa = PBXGroup;
			children = (
				019F11B11BFF926700809FE4 /* Protocols */,
				019F11B01BFF926300809FE4 /* Entities */,
			);
			name = Domain;
			sourceTree = "<group>";
		};
		019F11B01BFF926300809FE4 /* Entities */ = {
			isa = PBXGroup;
			children = (
				019F11B41BFF9F7900809FE4 /* Film.swift */,
			);
			name = Entities;
			sourceTree = "<group>";
		};
		019F11B11BFF926700809FE4 /* Protocols */ = {
			isa = PBXGroup;
			children = (
				019F11B21BFF926F00809FE4 /* Parseable.swift */,
			);
			name = Protocols;
			sourceTree = "<group>";
		};
		019F11B81BFFA73C00809FE4 /* Providers */ = {
			isa = PBXGroup;
			children = (
				019F11B91BFFA75700809FE4 /* BaseProvider.swift */,
				01B856D91C03B2BA00504CF0 /* FilmsProvider.swift */,
			);
			name = Providers;
			sourceTree = "<group>";
		};
/* End PBXGroup section */

/* Begin PBXNativeTarget section */
		01062F5D1BFA6639005E7C46 /* Kino */ = {
			isa = PBXNativeTarget;
			buildConfigurationList = 01062F731BFA6639005E7C46 /* Build configuration list for PBXNativeTarget "Kino" */;
			buildPhases = (
				01062F5A1BFA6639005E7C46 /* Sources */,
				01062F5B1BFA6639005E7C46 /* Frameworks */,
				01062F5C1BFA6639005E7C46 /* Resources */,
			);
			buildRules = (
			);
			dependencies = (
			);
			name = Kino;
			productName = Kino;
			productReference = 01062F5E1BFA6639005E7C46 /* Kino.app */;
			productType = "com.apple.product-type.application";
		};
/* End PBXNativeTarget section */

/* Begin PBXProject section */
		01062F561BFA6639005E7C46 /* Project object */ = {
			isa = PBXProject;
			attributes = {
				LastSwiftUpdateCheck = 0710;
				LastUpgradeCheck = 0710;
				ORGANIZATIONNAME = Julian;
				TargetAttributes = {
					01062F5D1BFA6639005E7C46 = {
						CreatedOnToolsVersion = 7.1.1;
					};
				};
			};
			buildConfigurationList = 01062F591BFA6639005E7C46 /* Build configuration list for PBXProject "Kino" */;
			compatibilityVersion = "Xcode 3.2";
			developmentRegion = English;
			hasScannedForEncodings = 0;
			knownRegions = (
				en,
				Base,
			);
			mainGroup = 01062F551BFA6639005E7C46;
			productRefGroup = 01062F5F1BFA6639005E7C46 /* Products */;
			projectDirPath = "";
			projectRoot = "";
			targets = (
				01062F5D1BFA6639005E7C46 /* Kino */,
			);
		};
/* End PBXProject section */

/* Begin PBXResourcesBuildPhase section */
		01062F5C1BFA6639005E7C46 /* Resources */ = {
			isa = PBXResourcesBuildPhase;
			buildActionMask = 2147483647;
			files = (
				01B856D81C03AFEB00504CF0 /* Config.plist in Resources */,
				01062F6F1BFA6639005E7C46 /* LaunchScreen.storyboard in Resources */,
				01062F6C1BFA6639005E7C46 /* Assets.xcassets in Resources */,
				01062F971BFA72CB005E7C46 /* BillboardViewController.xib in Resources */,
			);
			runOnlyForDeploymentPostprocessing = 0;
		};
/* End PBXResourcesBuildPhase section */

/* Begin PBXSourcesBuildPhase section */
		01062F5A1BFA6639005E7C46 /* Sources */ = {
			isa = PBXSourcesBuildPhase;
			buildActionMask = 2147483647;
			files = (
				01062F961BFA72CB005E7C46 /* BillboardViewController.swift in Sources */,
				011374A81BFBE39200464FE9 /* BasePresenter.swift in Sources */,
				01062F9B1BFA7B05005E7C46 /* RoutersDependenciesResolver.swift in Sources */,
				019F11A71BFF886200809FE4 /* KinoHTTPClient.swift in Sources */,
				01B856DA1C03B2BA00504CF0 /* FilmsProvider.swift in Sources */,
				019F11AB1BFF896A00809FE4 /* Response.swift in Sources */,
				019F11AE1BFF8A1D00809FE4 /* KinoResponse.swift in Sources */,
				01062F9F1BFA7BB1005E7C46 /* ViewControllersDependenciesResolver.swift in Sources */,
				01062F6A1BFA6639005E7C46 /* Kino.xcdatamodeld in Sources */,
				015F89BE1BFF7B62009F7D07 /* BaseViewController.swift in Sources */,
				019F11B31BFF926F00809FE4 /* Parseable.swift in Sources */,
				0113749F1BFBBE9200464FE9 /* RoutedNavigationController.swift in Sources */,
				019F11BA1BFFA75700809FE4 /* BaseProvider.swift in Sources */,
				01062F9D1BFA7B9B005E7C46 /* PresentersDependenciesResolver.swift in Sources */,
				01062F7D1BFA684C005E7C46 /* GeneralFunctions.swift in Sources */,
				019F11B51BFF9F7900809FE4 /* Film.swift in Sources */,
				011374A21BFBBF2C00464FE9 /* BaseRouter.swift in Sources */,
				019F11A41BFF883600809FE4 /* HTTPClient.swift in Sources */,
				01062F891BFA708B005E7C46 /* BillboardRouter.swift in Sources */,
				01B856D61C03AAB800504CF0 /* Config.swift in Sources */,
				01062F621BFA6639005E7C46 /* AppDelegate.swift in Sources */,
				01062F791BFA66CE005E7C46 /* CoreDataStack.swift in Sources */,
				01062F911BFA7227005E7C46 /* BillboardPresenter.swift in Sources */,
				01062F841BFA6D00005E7C46 /* MainRouter.swift in Sources */,
			);
			runOnlyForDeploymentPostprocessing = 0;
		};
/* End PBXSourcesBuildPhase section */

/* Begin PBXVariantGroup section */
		01062F6D1BFA6639005E7C46 /* LaunchScreen.storyboard */ = {
			isa = PBXVariantGroup;
			children = (
				01062F6E1BFA6639005E7C46 /* Base */,
			);
			name = LaunchScreen.storyboard;
			sourceTree = "<group>";
		};
/* End PBXVariantGroup section */

/* Begin XCBuildConfiguration section */
		01062F711BFA6639005E7C46 /* Debug */ = {
			isa = XCBuildConfiguration;
			buildSettings = {
				ALWAYS_SEARCH_USER_PATHS = NO;
				CLANG_CXX_LANGUAGE_STANDARD = "gnu++0x";
				CLANG_CXX_LIBRARY = "libc++";
				CLANG_ENABLE_MODULES = YES;
				CLANG_ENABLE_OBJC_ARC = YES;
				CLANG_WARN_BOOL_CONVERSION = YES;
				CLANG_WARN_CONSTANT_CONVERSION = YES;
				CLANG_WARN_DIRECT_OBJC_ISA_USAGE = YES_ERROR;
				CLANG_WARN_EMPTY_BODY = YES;
				CLANG_WARN_ENUM_CONVERSION = YES;
				CLANG_WARN_INT_CONVERSION = YES;
				CLANG_WARN_OBJC_ROOT_CLASS = YES_ERROR;
				CLANG_WARN_UNREACHABLE_CODE = YES;
				CLANG_WARN__DUPLICATE_METHOD_MATCH = YES;
				"CODE_SIGN_IDENTITY[sdk=iphoneos*]" = "iPhone Developer";
				COPY_PHASE_STRIP = NO;
				DEBUG_INFORMATION_FORMAT = dwarf;
				ENABLE_STRICT_OBJC_MSGSEND = YES;
				ENABLE_TESTABILITY = YES;
				GCC_C_LANGUAGE_STANDARD = gnu99;
				GCC_DYNAMIC_NO_PIC = NO;
				GCC_NO_COMMON_BLOCKS = YES;
				GCC_OPTIMIZATION_LEVEL = 0;
				GCC_PREPROCESSOR_DEFINITIONS = (
					"DEBUG=1",
					"$(inherited)",
				);
				GCC_WARN_64_TO_32_BIT_CONVERSION = YES;
				GCC_WARN_ABOUT_RETURN_TYPE = YES_ERROR;
				GCC_WARN_UNDECLARED_SELECTOR = YES;
				GCC_WARN_UNINITIALIZED_AUTOS = YES_AGGRESSIVE;
				GCC_WARN_UNUSED_FUNCTION = YES;
				GCC_WARN_UNUSED_VARIABLE = YES;
				IPHONEOS_DEPLOYMENT_TARGET = 9.1;
				MTL_ENABLE_DEBUG_INFO = YES;
				ONLY_ACTIVE_ARCH = YES;
				SDKROOT = iphoneos;
				SWIFT_OPTIMIZATION_LEVEL = "-Onone";
			};
			name = Debug;
		};
		01062F721BFA6639005E7C46 /* Release */ = {
			isa = XCBuildConfiguration;
			buildSettings = {
				ALWAYS_SEARCH_USER_PATHS = NO;
				CLANG_CXX_LANGUAGE_STANDARD = "gnu++0x";
				CLANG_CXX_LIBRARY = "libc++";
				CLANG_ENABLE_MODULES = YES;
				CLANG_ENABLE_OBJC_ARC = YES;
				CLANG_WARN_BOOL_CONVERSION = YES;
				CLANG_WARN_CONSTANT_CONVERSION = YES;
				CLANG_WARN_DIRECT_OBJC_ISA_USAGE = YES_ERROR;
				CLANG_WARN_EMPTY_BODY = YES;
				CLANG_WARN_ENUM_CONVERSION = YES;
				CLANG_WARN_INT_CONVERSION = YES;
				CLANG_WARN_OBJC_ROOT_CLASS = YES_ERROR;
				CLANG_WARN_UNREACHABLE_CODE = YES;
				CLANG_WARN__DUPLICATE_METHOD_MATCH = YES;
				"CODE_SIGN_IDENTITY[sdk=iphoneos*]" = "iPhone Developer";
				COPY_PHASE_STRIP = NO;
				DEBUG_INFORMATION_FORMAT = "dwarf-with-dsym";
				ENABLE_NS_ASSERTIONS = NO;
				ENABLE_STRICT_OBJC_MSGSEND = YES;
				GCC_C_LANGUAGE_STANDARD = gnu99;
				GCC_NO_COMMON_BLOCKS = YES;
				GCC_WARN_64_TO_32_BIT_CONVERSION = YES;
				GCC_WARN_ABOUT_RETURN_TYPE = YES_ERROR;
				GCC_WARN_UNDECLARED_SELECTOR = YES;
				GCC_WARN_UNINITIALIZED_AUTOS = YES_AGGRESSIVE;
				GCC_WARN_UNUSED_FUNCTION = YES;
				GCC_WARN_UNUSED_VARIABLE = YES;
				IPHONEOS_DEPLOYMENT_TARGET = 9.1;
				MTL_ENABLE_DEBUG_INFO = NO;
				SDKROOT = iphoneos;
				VALIDATE_PRODUCT = YES;
			};
			name = Release;
		};
		01062F741BFA6639005E7C46 /* Debug */ = {
			isa = XCBuildConfiguration;
			buildSettings = {
				ASSETCATALOG_COMPILER_APPICON_NAME = AppIcon;
				INFOPLIST_FILE = Kino/Info.plist;
				IPHONEOS_DEPLOYMENT_TARGET = 8.0;
				LD_RUNPATH_SEARCH_PATHS = "$(inherited) @executable_path/Frameworks";
				"OTHER_SWIFT_FLAGS[arch=*]" = "-D DEBUG";
				PRODUCT_BUNDLE_IDENTIFIER = com.Julian.Kino;
				PRODUCT_NAME = "$(TARGET_NAME)";
			};
			name = Debug;
		};
		01062F751BFA6639005E7C46 /* Release */ = {
			isa = XCBuildConfiguration;
			buildSettings = {
				ASSETCATALOG_COMPILER_APPICON_NAME = AppIcon;
				INFOPLIST_FILE = Kino/Info.plist;
				IPHONEOS_DEPLOYMENT_TARGET = 8.0;
				LD_RUNPATH_SEARCH_PATHS = "$(inherited) @executable_path/Frameworks";
				PRODUCT_BUNDLE_IDENTIFIER = com.Julian.Kino;
				PRODUCT_NAME = "$(TARGET_NAME)";
			};
			name = Release;
		};
/* End XCBuildConfiguration section */

/* Begin XCConfigurationList section */
		01062F591BFA6639005E7C46 /* Build configuration list for PBXProject "Kino" */ = {
			isa = XCConfigurationList;
			buildConfigurations = (
				01062F711BFA6639005E7C46 /* Debug */,
				01062F721BFA6639005E7C46 /* Release */,
			);
			defaultConfigurationIsVisible = 0;
			defaultConfigurationName = Release;
		};
		01062F731BFA6639005E7C46 /* Build configuration list for PBXNativeTarget "Kino" */ = {
			isa = XCConfigurationList;
			buildConfigurations = (
				01062F741BFA6639005E7C46 /* Debug */,
				01062F751BFA6639005E7C46 /* Release */,
			);
			defaultConfigurationIsVisible = 0;
			defaultConfigurationName = Release;
		};
/* End XCConfigurationList section */

/* Begin XCVersionGroup section */
		01062F681BFA6639005E7C46 /* Kino.xcdatamodeld */ = {
			isa = XCVersionGroup;
			children = (
				01062F691BFA6639005E7C46 /* Kino.xcdatamodel */,
			);
			currentVersion = 01062F691BFA6639005E7C46 /* Kino.xcdatamodel */;
			path = Kino.xcdatamodeld;
			sourceTree = "<group>";
			versionGroupType = wrapper.xcdatamodel;
		};
/* End XCVersionGroup section */
	};
	rootObject = 01062F561BFA6639005E7C46 /* Project object */;
}
